
Microsoft Visual Studio Solution File, Format Version 12.00
# Visual Studio Version 17
VisualStudioVersion = 17.2.32630.192
MinimumVisualStudioVersion = 10.0.40219.1
Project("{FAE04EC0-301F-11D3-BF4B-00C04F79EFBC}") = "ExamPM02", "ExamPM02\ExamPM02.csproj", "{2E91E79F-7C3B-4891-8D8A-8F960E399FCB}"
EndProject
Project("{2150E333-8FDC-42A3-9474-1A3956D46DE8}") = "diagram", "diagram", "{34A190A0-D400-4005-8D31-3024F986ED02}"
EndProject
Global
	GlobalSection(SolutionConfigurationPlatforms) = preSolution
		Debug|Any CPU = Debug|Any CPU
		Release|Any CPU = Release|Any CPU
	EndGlobalSection
	GlobalSection(ProjectConfigurationPlatforms) = postSolution
		{2E91E79F-7C3B-4891-8D8A-8F960E399FCB}.Debug|Any CPU.ActiveCfg = Debug|Any CPU
		{2E91E79F-7C3B-4891-8D8A-8F960E399FCB}.Debug|Any CPU.Build.0 = Debug|Any CPU
		{2E91E79F-7C3B-4891-8D8A-8F960E399FCB}.Release|Any CPU.ActiveCfg = Release|Any CPU
		{2E91E79F-7C3B-4891-8D8A-8F960E399FCB}.Release|Any CPU.Build.0 = Release|Any CPU
	EndGlobalSection
	GlobalSection(SolutionProperties) = preSolution
		HideSolutionNode = FALSE
	EndGlobalSection
	GlobalSection(ExtensibilityGlobals) = postSolution
		SolutionGuid = {740D0649-D34D-432D-B802-8A9ADF7CAB3C}
	EndGlobalSection
EndGlobal
